// !$*UTF8*$!
{
	archiveVersion = 1;
	classes = {
	};
	objectVersion = 46;
	objects = {

/* Begin PBXBuildFile section */
		5C4AA45F1B2385D10097C91F /* Alerta.swift in Sources */ = {isa = PBXBuildFile; fileRef = 5C4AA45E1B2385D10097C91F /* Alerta.swift */; };
		5C6495BA1B1DCD560038D782 /* AppDelegate.swift in Sources */ = {isa = PBXBuildFile; fileRef = 5C6495B91B1DCD560038D782 /* AppDelegate.swift */; };
		5C6495BD1B1DCD560038D782 /* studentHelper.xcdatamodeld in Sources */ = {isa = PBXBuildFile; fileRef = 5C6495BB1B1DCD560038D782 /* studentHelper.xcdatamodeld */; };
		5C6495C21B1DCD560038D782 /* Main.storyboard in Resources */ = {isa = PBXBuildFile; fileRef = 5C6495C01B1DCD560038D782 /* Main.storyboard */; };
		5C6495C41B1DCD560038D782 /* Images.xcassets in Resources */ = {isa = PBXBuildFile; fileRef = 5C6495C31B1DCD560038D782 /* Images.xcassets */; };
		5C6495C71B1DCD560038D782 /* LaunchScreen.xib in Resources */ = {isa = PBXBuildFile; fileRef = 5C6495C51B1DCD560038D782 /* LaunchScreen.xib */; };
		5C6495D31B1DCD560038D782 /* studentHelperTests.swift in Sources */ = {isa = PBXBuildFile; fileRef = 5C6495D21B1DCD560038D782 /* studentHelperTests.swift */; };
		5E0767601B2916E5001C088B /* AlertaManager.swift in Sources */ = {isa = PBXBuildFile; fileRef = 5E07675F1B2916E5001C088B /* AlertaManager.swift */; };
		5E356F791B1F8FCC00C7DFD8 /* AdicionarTarefaViewController.swift in Sources */ = {isa = PBXBuildFile; fileRef = 5E356F781B1F8FCC00C7DFD8 /* AdicionarTarefaViewController.swift */; };
		5E489E461B33AF8000E85A9F /* PieGraphViewController.swift in Sources */ = {isa = PBXBuildFile; fileRef = 5E489E451B33AF8000E85A9F /* PieGraphViewController.swift */; };
		5EB1A4A11B3073A500970605 /* EventNotificationManager.swift in Sources */ = {isa = PBXBuildFile; fileRef = 5EB1A4A01B3073A500970605 /* EventNotificationManager.swift */; };
		5EB4F5F41B2001F8006BC439 /* EditarTarefaViewController.swift in Sources */ = {isa = PBXBuildFile; fileRef = 5EB4F5F31B2001F8006BC439 /* EditarTarefaViewController.swift */; };
		5ED4F7A41B2550270001C3D4 /* DesempenhoViewController.swift in Sources */ = {isa = PBXBuildFile; fileRef = 5ED4F7A31B2550270001C3D4 /* DesempenhoViewController.swift */; };
		5EF16F0A1B1FA54600F415E9 /* TarefasViewController.swift in Sources */ = {isa = PBXBuildFile; fileRef = 5EF16F091B1FA54600F415E9 /* TarefasViewController.swift */; };
		84DF0FDA1B36702600C2A706 /* CalendarioViewController.swift in Sources */ = {isa = PBXBuildFile; fileRef = 84DF0FD91B36702600C2A706 /* CalendarioViewController.swift */; };
/* End PBXBuildFile section */

/* Begin PBXContainerItemProxy section */
		5C6495CD1B1DCD560038D782 /* PBXContainerItemProxy */ = {
			isa = PBXContainerItemProxy;
			containerPortal = 5C6495AC1B1DCD560038D782 /* Project object */;
			proxyType = 1;
			remoteGlobalIDString = 5C6495B31B1DCD560038D782;
			remoteInfo = studentHelper;
		};
/* End PBXContainerItemProxy section */

/* Begin PBXFileReference section */
		5C4AA45E1B2385D10097C91F /* Alerta.swift */ = {isa = PBXFileReference; fileEncoding = 4; lastKnownFileType = sourcecode.swift; name = Alerta.swift; path = ../Alerta.swift; sourceTree = "<group>"; };
		5C6495B41B1DCD560038D782 /* CollegeHelper.app */ = {isa = PBXFileReference; explicitFileType = wrapper.application; includeInIndex = 0; path = CollegeHelper.app; sourceTree = BUILT_PRODUCTS_DIR; };
		5C6495B81B1DCD560038D782 /* Info.plist */ = {isa = PBXFileReference; lastKnownFileType = text.plist.xml; path = Info.plist; sourceTree = "<group>"; };
		5C6495B91B1DCD560038D782 /* AppDelegate.swift */ = {isa = PBXFileReference; lastKnownFileType = sourcecode.swift; path = AppDelegate.swift; sourceTree = "<group>"; };
		5C6495BC1B1DCD560038D782 /* studentHelper.xcdatamodel */ = {isa = PBXFileReference; lastKnownFileType = wrapper.xcdatamodel; path = studentHelper.xcdatamodel; sourceTree = "<group>"; };
		5C6495C11B1DCD560038D782 /* Base */ = {isa = PBXFileReference; lastKnownFileType = file.storyboard; name = Base; path = Base.lproj/Main.storyboard; sourceTree = "<group>"; };
		5C6495C31B1DCD560038D782 /* Images.xcassets */ = {isa = PBXFileReference; lastKnownFileType = folder.assetcatalog; path = Images.xcassets; sourceTree = "<group>"; };
		5C6495C61B1DCD560038D782 /* Base */ = {isa = PBXFileReference; lastKnownFileType = file.xib; name = Base; path = Base.lproj/LaunchScreen.xib; sourceTree = "<group>"; };
		5C6495CC1B1DCD560038D782 /* CollegeHelperTests.xctest */ = {isa = PBXFileReference; explicitFileType = wrapper.cfbundle; includeInIndex = 0; path = CollegeHelperTests.xctest; sourceTree = BUILT_PRODUCTS_DIR; };
		5C6495D11B1DCD560038D782 /* Info.plist */ = {isa = PBXFileReference; lastKnownFileType = text.plist.xml; path = Info.plist; sourceTree = "<group>"; };
		5C6495D21B1DCD560038D782 /* studentHelperTests.swift */ = {isa = PBXFileReference; lastKnownFileType = sourcecode.swift; path = studentHelperTests.swift; sourceTree = "<group>"; };
		5E07675F1B2916E5001C088B /* AlertaManager.swift */ = {isa = PBXFileReference; fileEncoding = 4; lastKnownFileType = sourcecode.swift; path = AlertaManager.swift; sourceTree = "<group>"; };
		5E356F781B1F8FCC00C7DFD8 /* AdicionarTarefaViewController.swift */ = {isa = PBXFileReference; fileEncoding = 4; lastKnownFileType = sourcecode.swift; path = AdicionarTarefaViewController.swift; sourceTree = "<group>"; };
		5E489E451B33AF8000E85A9F /* PieGraphViewController.swift */ = {isa = PBXFileReference; fileEncoding = 4; lastKnownFileType = sourcecode.swift; path = PieGraphViewController.swift; sourceTree = "<group>"; };
		5EB1A4A01B3073A500970605 /* EventNotificationManager.swift */ = {isa = PBXFileReference; fileEncoding = 4; lastKnownFileType = sourcecode.swift; path = EventNotificationManager.swift; sourceTree = "<group>"; };
		5EB4F5F31B2001F8006BC439 /* EditarTarefaViewController.swift */ = {isa = PBXFileReference; fileEncoding = 4; lastKnownFileType = sourcecode.swift; path = EditarTarefaViewController.swift; sourceTree = "<group>"; };
		5ED4F7A31B2550270001C3D4 /* DesempenhoViewController.swift */ = {isa = PBXFileReference; fileEncoding = 4; lastKnownFileType = sourcecode.swift; path = DesempenhoViewController.swift; sourceTree = "<group>"; };
		5EF16F091B1FA54600F415E9 /* TarefasViewController.swift */ = {isa = PBXFileReference; fileEncoding = 4; lastKnownFileType = sourcecode.swift; path = TarefasViewController.swift; sourceTree = "<group>"; };
		84DF0FD91B36702600C2A706 /* CalendarioViewController.swift */ = {isa = PBXFileReference; fileEncoding = 4; lastKnownFileType = sourcecode.swift; path = CalendarioViewController.swift; sourceTree = "<group>"; };
/* End PBXFileReference section */

/* Begin PBXFrameworksBuildPhase section */
		5C6495B11B1DCD560038D782 /* Frameworks */ = {
			isa = PBXFrameworksBuildPhase;
			buildActionMask = 2147483647;
			files = (
			);
			runOnlyForDeploymentPostprocessing = 0;
		};
		5C6495C91B1DCD560038D782 /* Frameworks */ = {
			isa = PBXFrameworksBuildPhase;
			buildActionMask = 2147483647;
			files = (
			);
			runOnlyForDeploymentPostprocessing = 0;
		};
/* End PBXFrameworksBuildPhase section */

/* Begin PBXGroup section */
		5C6495AB1B1DCD560038D782 = {
			isa = PBXGroup;
			children = (
				5C6495B61B1DCD560038D782 /* studentHelper */,
				5C6495CF1B1DCD560038D782 /* studentHelperTests */,
				5C6495B51B1DCD560038D782 /* Products */,
			);
			sourceTree = "<group>";
		};
		5C6495B51B1DCD560038D782 /* Products */ = {
			isa = PBXGroup;
			children = (
				5C6495B41B1DCD560038D782 /* CollegeHelper.app */,
				5C6495CC1B1DCD560038D782 /* CollegeHelperTests.xctest */,
			);
			name = Products;
			sourceTree = "<group>";
		};
		5C6495B61B1DCD560038D782 /* studentHelper */ = {
			isa = PBXGroup;
			children = (
				5EB1A49F1B30735B00970605 /* EventKitNotification */,
				5E07675E1B2916BE001C088B /* CoreData Manager */,
				5E07675D1B2916AC001C088B /* Entidade */,
				5C6495B91B1DCD560038D782 /* AppDelegate.swift */,
				84DF0FD91B36702600C2A706 /* CalendarioViewController.swift */,
				5E356F781B1F8FCC00C7DFD8 /* AdicionarTarefaViewController.swift */,
				5EF16F091B1FA54600F415E9 /* TarefasViewController.swift */,
				5EB4F5F31B2001F8006BC439 /* EditarTarefaViewController.swift */,
				5ED4F7A31B2550270001C3D4 /* DesempenhoViewController.swift */,
				5E489E451B33AF8000E85A9F /* PieGraphViewController.swift */,
				5C6495C01B1DCD560038D782 /* Main.storyboard */,
				5C6495C31B1DCD560038D782 /* Images.xcassets */,
				5C6495C51B1DCD560038D782 /* LaunchScreen.xib */,
				5C6495BB1B1DCD560038D782 /* studentHelper.xcdatamodeld */,
				5C6495B71B1DCD560038D782 /* Supporting Files */,
			);
			path = studentHelper;
			sourceTree = "<group>";
		};
		5C6495B71B1DCD560038D782 /* Supporting Files */ = {
			isa = PBXGroup;
			children = (
				5C6495B81B1DCD560038D782 /* Info.plist */,
			);
			name = "Supporting Files";
			sourceTree = "<group>";
		};
		5C6495CF1B1DCD560038D782 /* studentHelperTests */ = {
			isa = PBXGroup;
			children = (
				5C6495D21B1DCD560038D782 /* studentHelperTests.swift */,
				5C6495D01B1DCD560038D782 /* Supporting Files */,
			);
			path = studentHelperTests;
			sourceTree = "<group>";
		};
		5C6495D01B1DCD560038D782 /* Supporting Files */ = {
			isa = PBXGroup;
			children = (
				5C6495D11B1DCD560038D782 /* Info.plist */,
			);
			name = "Supporting Files";
			sourceTree = "<group>";
		};
		5E07675D1B2916AC001C088B /* Entidade */ = {
			isa = PBXGroup;
			children = (
				5C4AA45E1B2385D10097C91F /* Alerta.swift */,
			);
			name = Entidade;
			sourceTree = "<group>";
		};
		5E07675E1B2916BE001C088B /* CoreData Manager */ = {
			isa = PBXGroup;
			children = (
				5E07675F1B2916E5001C088B /* AlertaManager.swift */,
			);
			name = "CoreData Manager";
			sourceTree = "<group>";
		};
		5EB1A49F1B30735B00970605 /* EventKitNotification */ = {
			isa = PBXGroup;
			children = (
				5EB1A4A01B3073A500970605 /* EventNotificationManager.swift */,
			);
			name = EventKitNotification;
			path = ..;
			sourceTree = "<group>";
		};
/* End PBXGroup section */

/* Begin PBXNativeTarget section */
		5C6495B31B1DCD560038D782 /* CollegeHelper */ = {
			isa = PBXNativeTarget;
			buildConfigurationList = 5C6495D61B1DCD560038D782 /* Build configuration list for PBXNativeTarget "CollegeHelper" */;
			buildPhases = (
				5C6495B01B1DCD560038D782 /* Sources */,
				5C6495B11B1DCD560038D782 /* Frameworks */,
				5C6495B21B1DCD560038D782 /* Resources */,
			);
			buildRules = (
			);
			dependencies = (
			);
			name = CollegeHelper;
			productName = studentHelper;
			productReference = 5C6495B41B1DCD560038D782 /* CollegeHelper.app */;
			productType = "com.apple.product-type.application";
		};
		5C6495CB1B1DCD560038D782 /* CollegeHelperTests */ = {
			isa = PBXNativeTarget;
			buildConfigurationList = 5C6495D91B1DCD560038D782 /* Build configuration list for PBXNativeTarget "CollegeHelperTests" */;
			buildPhases = (
				5C6495C81B1DCD560038D782 /* Sources */,
				5C6495C91B1DCD560038D782 /* Frameworks */,
				5C6495CA1B1DCD560038D782 /* Resources */,
			);
			buildRules = (
			);
			dependencies = (
				5C6495CE1B1DCD560038D782 /* PBXTargetDependency */,
			);
			name = CollegeHelperTests;
			productName = studentHelperTests;
			productReference = 5C6495CC1B1DCD560038D782 /* CollegeHelperTests.xctest */;
			productType = "com.apple.product-type.bundle.unit-test";
		};
/* End PBXNativeTarget section */

/* Begin PBXProject section */
		5C6495AC1B1DCD560038D782 /* Project object */ = {
			isa = PBXProject;
			attributes = {
				LastUpgradeCheck = 0630;
				ORGANIZATIONNAME = "Humberto  Julião";
				TargetAttributes = {
					5C6495B31B1DCD560038D782 = {
						CreatedOnToolsVersion = 6.3.2;
						DevelopmentTeam = C3G98NPYVF;
						SystemCapabilities = {
							com.apple.iCloud = {
								enabled = 0;
							};
						};
					};
					5C6495CB1B1DCD560038D782 = {
						CreatedOnToolsVersion = 6.3.2;
						TestTargetID = 5C6495B31B1DCD560038D782;
					};
				};
			};
			buildConfigurationList = 5C6495AF1B1DCD560038D782 /* Build configuration list for PBXProject "CollegeHelper" */;
			compatibilityVersion = "Xcode 3.2";
			developmentRegion = English;
			hasScannedForEncodings = 0;
			knownRegions = (
				en,
				Base,
			);
			mainGroup = 5C6495AB1B1DCD560038D782;
			productRefGroup = 5C6495B51B1DCD560038D782 /* Products */;
			projectDirPath = "";
			projectRoot = "";
			targets = (
				5C6495B31B1DCD560038D782 /* CollegeHelper */,
				5C6495CB1B1DCD560038D782 /* CollegeHelperTests */,
			);
		};
/* End PBXProject section */

/* Begin PBXResourcesBuildPhase section */
		5C6495B21B1DCD560038D782 /* Resources */ = {
			isa = PBXResourcesBuildPhase;
			buildActionMask = 2147483647;
			files = (
				5C6495C21B1DCD560038D782 /* Main.storyboard in Resources */,
				5C6495C71B1DCD560038D782 /* LaunchScreen.xib in Resources */,
				5C6495C41B1DCD560038D782 /* Images.xcassets in Resources */,
			);
			runOnlyForDeploymentPostprocessing = 0;
		};
		5C6495CA1B1DCD560038D782 /* Resources */ = {
			isa = PBXResourcesBuildPhase;
			buildActionMask = 2147483647;
			files = (
			);
			runOnlyForDeploymentPostprocessing = 0;
		};
/* End PBXResourcesBuildPhase section */

/* Begin PBXSourcesBuildPhase section */
		5C6495B01B1DCD560038D782 /* Sources */ = {
			isa = PBXSourcesBuildPhase;
			buildActionMask = 2147483647;
			files = (
				5ED4F7A41B2550270001C3D4 /* DesempenhoViewController.swift in Sources */,
				5E356F791B1F8FCC00C7DFD8 /* AdicionarTarefaViewController.swift in Sources */,
				5E0767601B2916E5001C088B /* AlertaManager.swift in Sources */,
				84DF0FDA1B36702600C2A706 /* CalendarioViewController.swift in Sources */,
				5C6495BA1B1DCD560038D782 /* AppDelegate.swift in Sources */,
				5EF16F0A1B1FA54600F415E9 /* TarefasViewController.swift in Sources */,
				5EB4F5F41B2001F8006BC439 /* EditarTarefaViewController.swift in Sources */,
				5C6495BD1B1DCD560038D782 /* studentHelper.xcdatamodeld in Sources */,
				5EB1A4A11B3073A500970605 /* EventNotificationManager.swift in Sources */,
				5E489E461B33AF8000E85A9F /* PieGraphViewController.swift in Sources */,
				5C4AA45F1B2385D10097C91F /* Alerta.swift in Sources */,
			);
			runOnlyForDeploymentPostprocessing = 0;
		};
		5C6495C81B1DCD560038D782 /* Sources */ = {
			isa = PBXSourcesBuildPhase;
			buildActionMask = 2147483647;
			files = (
				5C6495D31B1DCD560038D782 /* studentHelperTests.swift in Sources */,
			);
			runOnlyForDeploymentPostprocessing = 0;
		};
/* End PBXSourcesBuildPhase section */

/* Begin PBXTargetDependency section */
		5C6495CE1B1DCD560038D782 /* PBXTargetDependency */ = {
			isa = PBXTargetDependency;
			target = 5C6495B31B1DCD560038D782 /* CollegeHelper */;
			targetProxy = 5C6495CD1B1DCD560038D782 /* PBXContainerItemProxy */;
		};
/* End PBXTargetDependency section */

/* Begin PBXVariantGroup section */
		5C6495C01B1DCD560038D782 /* Main.storyboard */ = {
			isa = PBXVariantGroup;
			children = (
				5C6495C11B1DCD560038D782 /* Base */,
			);
			name = Main.storyboard;
			sourceTree = "<group>";
		};
		5C6495C51B1DCD560038D782 /* LaunchScreen.xib */ = {
			isa = PBXVariantGroup;
			children = (
				5C6495C61B1DCD560038D782 /* Base */,
			);
			name = LaunchScreen.xib;
			sourceTree = "<group>";
		};
/* End PBXVariantGroup section */

/* Begin XCBuildConfiguration section */
		5C6495D41B1DCD560038D782 /* Debug */ = {
			isa = XCBuildConfiguration;
			buildSettings = {
				ALWAYS_SEARCH_USER_PATHS = NO;
				CLANG_CXX_LANGUAGE_STANDARD = "gnu++0x";
				CLANG_CXX_LIBRARY = "libc++";
				CLANG_ENABLE_MODULES = YES;
				CLANG_ENABLE_OBJC_ARC = YES;
				CLANG_WARN_BOOL_CONVERSION = YES;
				CLANG_WARN_CONSTANT_CONVERSION = YES;
				CLANG_WARN_DIRECT_OBJC_ISA_USAGE = YES_ERROR;
				CLANG_WARN_EMPTY_BODY = YES;
				CLANG_WARN_ENUM_CONVERSION = YES;
				CLANG_WARN_INT_CONVERSION = YES;
				CLANG_WARN_OBJC_ROOT_CLASS = YES_ERROR;
				CLANG_WARN_UNREACHABLE_CODE = YES;
				CLANG_WARN__DUPLICATE_METHOD_MATCH = YES;
				"CODE_SIGN_IDENTITY[sdk=iphoneos*]" = "iPhone Developer";
				COPY_PHASE_STRIP = NO;
				DEBUG_INFORMATION_FORMAT = "dwarf-with-dsym";
				ENABLE_STRICT_OBJC_MSGSEND = YES;
				GCC_C_LANGUAGE_STANDARD = gnu99;
				GCC_DYNAMIC_NO_PIC = NO;
				GCC_NO_COMMON_BLOCKS = YES;
				GCC_OPTIMIZATION_LEVEL = 0;
				GCC_PREPROCESSOR_DEFINITIONS = (
					"DEBUG=1",
					"$(inherited)",
				);
				GCC_SYMBOLS_PRIVATE_EXTERN = NO;
				GCC_WARN_64_TO_32_BIT_CONVERSION = YES;
				GCC_WARN_ABOUT_RETURN_TYPE = YES_ERROR;
				GCC_WARN_UNDECLARED_SELECTOR = YES;
				GCC_WARN_UNINITIALIZED_AUTOS = YES_AGGRESSIVE;
				GCC_WARN_UNUSED_FUNCTION = YES;
				GCC_WARN_UNUSED_VARIABLE = YES;
				IPHONEOS_DEPLOYMENT_TARGET = 8.3;
				MTL_ENABLE_DEBUG_INFO = YES;
				ONLY_ACTIVE_ARCH = YES;
				SDKROOT = iphoneos;
				SWIFT_OPTIMIZATION_LEVEL = "-Onone";
				TARGETED_DEVICE_FAMILY = "1,2";
			};
			name = Debug;
		};
		5C6495D51B1DCD560038D782 /* Release */ = {
			isa = XCBuildConfiguration;
			buildSettings = {
				ALWAYS_SEARCH_USER_PATHS = NO;
				CLANG_CXX_LANGUAGE_STANDARD = "gnu++0x";
				CLANG_CXX_LIBRARY = "libc++";
				CLANG_ENABLE_MODULES = YES;
				CLANG_ENABLE_OBJC_ARC = YES;
				CLANG_WARN_BOOL_CONVERSION = YES;
				CLANG_WARN_CONSTANT_CONVERSION = YES;
				CLANG_WARN_DIRECT_OBJC_ISA_USAGE = YES_ERROR;
				CLANG_WARN_EMPTY_BODY = YES;
				CLANG_WARN_ENUM_CONVERSION = YES;
				CLANG_WARN_INT_CONVERSION = YES;
				CLANG_WARN_OBJC_ROOT_CLASS = YES_ERROR;
				CLANG_WARN_UNREACHABLE_CODE = YES;
				CLANG_WARN__DUPLICATE_METHOD_MATCH = YES;
				"CODE_SIGN_IDENTITY[sdk=iphoneos*]" = "iPhone Developer";
				COPY_PHASE_STRIP = NO;
				DEBUG_INFORMATION_FORMAT = "dwarf-with-dsym";
				ENABLE_NS_ASSERTIONS = NO;
				ENABLE_STRICT_OBJC_MSGSEND = YES;
				GCC_C_LANGUAGE_STANDARD = gnu99;
				GCC_NO_COMMON_BLOCKS = YES;
				GCC_WARN_64_TO_32_BIT_CONVERSION = YES;
				GCC_WARN_ABOUT_RETURN_TYPE = YES_ERROR;
				GCC_WARN_UNDECLARED_SELECTOR = YES;
				GCC_WARN_UNINITIALIZED_AUTOS = YES_AGGRESSIVE;
				GCC_WARN_UNUSED_FUNCTION = YES;
				GCC_WARN_UNUSED_VARIABLE = YES;
				IPHONEOS_DEPLOYMENT_TARGET = 8.3;
				MTL_ENABLE_DEBUG_INFO = NO;
				SDKROOT = iphoneos;
				TARGETED_DEVICE_FAMILY = "1,2";
				VALIDATE_PRODUCT = YES;
			};
			name = Release;
		};
		5C6495D71B1DCD560038D782 /* Debug */ = {
			isa = XCBuildConfiguration;
			buildSettings = {
				ASSETCATALOG_COMPILER_APPICON_NAME = AppIcon;
				CODE_SIGN_IDENTITY = "iPhone Developer";
				"CODE_SIGN_IDENTITY[sdk=iphoneos*]" = "iPhone Developer";
				INFOPLIST_FILE = studentHelper/Info.plist;
				LD_RUNPATH_SEARCH_PATHS = "$(inherited) @executable_path/Frameworks";
				PRODUCT_NAME = CollegeHelper;
				PROVISIONING_PROFILE = "";
			};
			name = Debug;
		};
		5C6495D81B1DCD560038D782 /* Release */ = {
			isa = XCBuildConfiguration;
			buildSettings = {
				ASSETCATALOG_COMPILER_APPICON_NAME = AppIcon;
				CODE_SIGN_IDENTITY = "iPhone Developer";
				"CODE_SIGN_IDENTITY[sdk=iphoneos*]" = "iPhone Developer";
				INFOPLIST_FILE = studentHelper/Info.plist;
				LD_RUNPATH_SEARCH_PATHS = "$(inherited) @executable_path/Frameworks";
				PRODUCT_NAME = CollegeHelper;
				PROVISIONING_PROFILE = "";
			};
			name = Release;
		};
		5C6495DA1B1DCD560038D782 /* Debug */ = {
			isa = XCBuildConfiguration;
			buildSettings = {
				BUNDLE_LOADER = "$(TEST_HOST)";
				FRAMEWORK_SEARCH_PATHS = (
					"$(SDKROOT)/Developer/Library/Frameworks",
					"$(inherited)",
				);
				GCC_PREPROCESSOR_DEFINITIONS = (
					"DEBUG=1",
					"$(inherited)",
				);
				INFOPLIST_FILE = "";
				LD_RUNPATH_SEARCH_PATHS = "$(inherited) @executable_path/Frameworks @loader_path/Frameworks";
				PRODUCT_NAME = CollegeHelperTests;
				TEST_HOST = "";
			};
			name = Debug;
		};
		5C6495DB1B1DCD560038D782 /* Release */ = {
			isa = XCBuildConfiguration;
			buildSettings = {
				BUNDLE_LOADER = "$(TEST_HOST)";
				FRAMEWORK_SEARCH_PATHS = (
					"$(SDKROOT)/Developer/Library/Frameworks",
					"$(inherited)",
				);
				INFOPLIST_FILE = "";
				LD_RUNPATH_SEARCH_PATHS = "$(inherited) @executable_path/Frameworks @loader_path/Frameworks";
				PRODUCT_NAME = CollegeHelperTests;
				TEST_HOST = "";
			};
			name = Release;
		};
/* End XCBuildConfiguration section */

/* Begin XCConfigurationList section */
		5C6495AF1B1DCD560038D782 /* Build configuration list for PBXProject "CollegeHelper" */ = {
			isa = XCConfigurationList;
			buildConfigurations = (
				5C6495D41B1DCD560038D782 /* Debug */,
				5C6495D51B1DCD560038D782 /* Release */,
			);
			defaultConfigurationIsVisible = 0;
			defaultConfigurationName = Release;
		};
		5C6495D61B1DCD560038D782 /* Build configuration list for PBXNativeTarget "CollegeHelper" */ = {
			isa = XCConfigurationList;
			buildConfigurations = (
				5C6495D71B1DCD560038D782 /* Debug */,
				5C6495D81B1DCD560038D782 /* Release */,
			);
			defaultConfigurationIsVisible = 0;
			defaultConfigurationName = Release;
		};
		5C6495D91B1DCD560038D782 /* Build configuration list for PBXNativeTarget "CollegeHelperTests" */ = {
			isa = XCConfigurationList;
			buildConfigurations = (
				5C6495DA1B1DCD560038D782 /* Debug */,
				5C6495DB1B1DCD560038D782 /* Release */,
			);
			defaultConfigurationIsVisible = 0;
			defaultConfigurationName = Release;
		};
/* End XCConfigurationList section */

/* Begin XCVersionGroup section */
		5C6495BB1B1DCD560038D782 /* studentHelper.xcdatamodeld */ = {
			isa = XCVersionGroup;
			children = (
				5C6495BC1B1DCD560038D782 /* studentHelper.xcdatamodel */,
			);
			currentVersion = 5C6495BC1B1DCD560038D782 /* studentHelper.xcdatamodel */;
			path = studentHelper.xcdatamodeld;
			sourceTree = "<group>";
			versionGroupType = wrapper.xcdatamodel;
		};
/* End XCVersionGroup section */
	};
	rootObject = 5C6495AC1B1DCD560038D782 /* Project object */;
}
